
Microsoft Visual Studio Solution File, Format Version 12.00
# Visual Studio Version 17
VisualStudioVersion = 17.4.33205.214
MinimumVisualStudioVersion = 10.0.40219.1
Project("{FAE04EC0-301F-11D3-BF4B-00C04F79EFBC}") = "Ejemplo_ASP_MVC", "Ejemplo_ASP_MVC\Ejemplo_ASP_MVC.csproj", "{B74A4BA6-11AC-49CF-9136-874A1D0DF88D}"
EndProject
Global
	GlobalSection(SolutionConfigurationPlatforms) = preSolution
		Debug|Any CPU = Debug|Any CPU
		Release|Any CPU = Release|Any CPU
	EndGlobalSection
	GlobalSection(ProjectConfigurationPlatforms) = postSolution
		{B74A4BA6-11AC-49CF-9136-874A1D0DF88D}.Debug|Any CPU.ActiveCfg = Debug|Any CPU
		{B74A4BA6-11AC-49CF-9136-874A1D0DF88D}.Debug|Any CPU.Build.0 = Debug|Any CPU
		{B74A4BA6-11AC-49CF-9136-874A1D0DF88D}.Release|Any CPU.ActiveCfg = Release|Any CPU
		{B74A4BA6-11AC-49CF-9136-874A1D0DF88D}.Release|Any CPU.Build.0 = Release|Any CPU
	EndGlobalSection
	GlobalSection(SolutionProperties) = preSolution
		HideSolutionNode = FALSE
	EndGlobalSection
	GlobalSection(ExtensibilityGlobals) = postSolution
		SolutionGuid = {5683B78E-C9FE-45C4-822B-BBBEBEE098E7}
	EndGlobalSection
EndGlobal
